
Microsoft Visual Studio Solution File, Format Version 12.00
# Visual Studio Version 17
VisualStudioVersion = 17.13.35617.110 d17.13
MinimumVisualStudioVersion = 10.0.40219.1
Project("{FAE04EC0-301F-11D3-BF4B-00C04F79EFBC}") = "projectc#", "projectc#\projectc#.csproj", "{C9A521ED-26B9-479D-A476-7632AB94881F}"
EndProject
Global
	GlobalSection(SolutionConfigurationPlatforms) = preSolution
		Debug|Any CPU = Debug|Any CPU
		Release|Any CPU = Release|Any CPU
	EndGlobalSection
	GlobalSection(ProjectConfigurationPlatforms) = postSolution
		{C9A521ED-26B9-479D-A476-7632AB94881F}.Debug|Any CPU.ActiveCfg = Debug|Any CPU
		{C9A521ED-26B9-479D-A476-7632AB94881F}.Debug|Any CPU.Build.0 = Debug|Any CPU
		{C9A521ED-26B9-479D-A476-7632AB94881F}.Release|Any CPU.ActiveCfg = Release|Any CPU
		{C9A521ED-26B9-479D-A476-7632AB94881F}.Release|Any CPU.Build.0 = Release|Any CPU
	EndGlobalSection
	GlobalSection(SolutionProperties) = preSolution
		HideSolutionNode = FALSE
	EndGlobalSection
	GlobalSection(ExtensibilityGlobals) = postSolution
		SolutionGuid = {F52904DC-064B-452C-A57C-1598185FAE5D}
	EndGlobalSection
EndGlobal
